
Microsoft Visual Studio Solution File, Format Version 12.00
# Visual Studio 15
VisualStudioVersion = 15.0.28307.705
MinimumVisualStudioVersion = 10.0.40219.1
Project("{FAE04EC0-301F-11D3-BF4B-00C04F79EFBC}") = "ExemploPopup.Android", "ExemploPopup.Android\ExemploPopup.Android.csproj", "{4855E970-E92E-4A6C-B7FE-D34FDDE97428}"
EndProject
Project("{FAE04EC0-301F-11D3-BF4B-00C04F79EFBC}") = "ExemploPopup.iOS", "ExemploPopup.iOS\ExemploPopup.iOS.csproj", "{695F16F2-CC66-4F5B-A61B-7EE59E074AF9}"
EndProject
Project("{FAE04EC0-301F-11D3-BF4B-00C04F79EFBC}") = "ExemploPopup", "ExemploPopup\ExemploPopup.csproj", "{45260739-7ACF-4795-AF86-2F8D5ED5C09B}"
EndProject
Global
	GlobalSection(SolutionConfigurationPlatforms) = preSolution
		Ad-Hoc|Any CPU = Ad-Hoc|Any CPU
		Ad-Hoc|iPhone = Ad-Hoc|iPhone
		Ad-Hoc|iPhoneSimulator = Ad-Hoc|iPhoneSimulator
		AppStore|Any CPU = AppStore|Any CPU
		AppStore|iPhone = AppStore|iPhone
		AppStore|iPhoneSimulator = AppStore|iPhoneSimulator
		Debug|Any CPU = Debug|Any CPU
		Debug|iPhone = Debug|iPhone
		Debug|iPhoneSimulator = Debug|iPhoneSimulator
		Release|Any CPU = Release|Any CPU
		Release|iPhone = Release|iPhone
		Release|iPhoneSimulator = Release|iPhoneSimulator
	EndGlobalSection
	GlobalSection(ProjectConfigurationPlatforms) = postSolution
		{4855E970-E92E-4A6C-B7FE-D34FDDE97428}.Ad-Hoc|Any CPU.ActiveCfg = Release|Any CPU
		{4855E970-E92E-4A6C-B7FE-D34FDDE97428}.Ad-Hoc|Any CPU.Build.0 = Release|Any CPU
		{4855E970-E92E-4A6C-B7FE-D34FDDE97428}.Ad-Hoc|Any CPU.Deploy.0 = Release|Any CPU
		{4855E970-E92E-4A6C-B7FE-D34FDDE97428}.Ad-Hoc|iPhone.ActiveCfg = Release|Any CPU
		{4855E970-E92E-4A6C-B7FE-D34FDDE97428}.Ad-Hoc|iPhone.Build.0 = Release|Any CPU
		{4855E970-E92E-4A6C-B7FE-D34FDDE97428}.Ad-Hoc|iPhone.Deploy.0 = Release|Any CPU
		{4855E970-E92E-4A6C-B7FE-D34FDDE97428}.Ad-Hoc|iPhoneSimulator.ActiveCfg = Release|Any CPU
		{4855E970-E92E-4A6C-B7FE-D34FDDE97428}.Ad-Hoc|iPhoneSimulator.Build.0 = Release|Any CPU
		{4855E970-E92E-4A6C-B7FE-D34FDDE97428}.Ad-Hoc|iPhoneSimulator.Deploy.0 = Release|Any CPU
		{4855E970-E92E-4A6C-B7FE-D34FDDE97428}.AppStore|Any CPU.ActiveCfg = Release|Any CPU
		{4855E970-E92E-4A6C-B7FE-D34FDDE97428}.AppStore|Any CPU.Build.0 = Release|Any CPU
		{4855E970-E92E-4A6C-B7FE-D34FDDE97428}.AppStore|Any CPU.Deploy.0 = Release|Any CPU
		{4855E970-E92E-4A6C-B7FE-D34FDDE97428}.AppStore|iPhone.ActiveCfg = Release|Any CPU
		{4855E970-E92E-4A6C-B7FE-D34FDDE97428}.AppStore|iPhone.Build.0 = Release|Any CPU
		{4855E970-E92E-4A6C-B7FE-D34FDDE97428}.AppStore|iPhone.Deploy.0 = Release|Any CPU
		{4855E970-E92E-4A6C-B7FE-D34FDDE97428}.AppStore|iPhoneSimulator.ActiveCfg = Release|Any CPU
		{4855E970-E92E-4A6C-B7FE-D34FDDE97428}.AppStore|iPhoneSimulator.Build.0 = Release|Any CPU
		{4855E970-E92E-4A6C-B7FE-D34FDDE97428}.AppStore|iPhoneSimulator.Deploy.0 = Release|Any CPU
		{4855E970-E92E-4A6C-B7FE-D34FDDE97428}.Debug|Any CPU.ActiveCfg = Debug|Any CPU
		{4855E970-E92E-4A6C-B7FE-D34FDDE97428}.Debug|Any CPU.Build.0 = Debug|Any CPU
		{4855E970-E92E-4A6C-B7FE-D34FDDE97428}.Debug|Any CPU.Deploy.0 = Debug|Any CPU
		{4855E970-E92E-4A6C-B7FE-D34FDDE97428}.Debug|iPhone.ActiveCfg = Debug|Any CPU
		{4855E970-E92E-4A6C-B7FE-D34FDDE97428}.Debug|iPhone.Build.0 = Debug|Any CPU
		{4855E970-E92E-4A6C-B7FE-D34FDDE97428}.Debug|iPhone.Deploy.0 = Debug|Any CPU
		{4855E970-E92E-4A6C-B7FE-D34FDDE97428}.Debug|iPhoneSimulator.ActiveCfg = Debug|Any CPU
		{4855E970-E92E-4A6C-B7FE-D34FDDE97428}.Debug|iPhoneSimulator.Build.0 = Debug|Any CPU
		{4855E970-E92E-4A6C-B7FE-D34FDDE97428}.Debug|iPhoneSimulator.Deploy.0 = Debug|Any CPU
		{4855E970-E92E-4A6C-B7FE-D34FDDE97428}.Release|Any CPU.ActiveCfg = Release|Any CPU
		{4855E970-E92E-4A6C-B7FE-D34FDDE97428}.Release|Any CPU.Build.0 = Release|Any CPU
		{4855E970-E92E-4A6C-B7FE-D34FDDE97428}.Release|Any CPU.Deploy.0 = Release|Any CPU
		{4855E970-E92E-4A6C-B7FE-D34FDDE97428}.Release|iPhone.ActiveCfg = Release|Any CPU
		{4855E970-E92E-4A6C-B7FE-D34FDDE97428}.Release|iPhone.Build.0 = Release|Any CPU
		{4855E970-E92E-4A6C-B7FE-D34FDDE97428}.Release|iPhone.Deploy.0 = Release|Any CPU
		{4855E970-E92E-4A6C-B7FE-D34FDDE97428}.Release|iPhoneSimulator.ActiveCfg = Release|Any CPU
		{4855E970-E92E-4A6C-B7FE-D34FDDE97428}.Release|iPhoneSimulator.Build.0 = Release|Any CPU
		{4855E970-E92E-4A6C-B7FE-D34FDDE97428}.Release|iPhoneSimulator.Deploy.0 = Release|Any CPU
		{695F16F2-CC66-4F5B-A61B-7EE59E074AF9}.Ad-Hoc|Any CPU.ActiveCfg = Ad-Hoc|iPhone
		{695F16F2-CC66-4F5B-A61B-7EE59E074AF9}.Ad-Hoc|Any CPU.Build.0 = Ad-Hoc|iPhone
		{695F16F2-CC66-4F5B-A61B-7EE59E074AF9}.Ad-Hoc|Any CPU.Deploy.0 = Ad-Hoc|iPhone
		{695F16F2-CC66-4F5B-A61B-7EE59E074AF9}.Ad-Hoc|iPhone.ActiveCfg = Ad-Hoc|iPhone
		{695F16F2-CC66-4F5B-A61B-7EE59E074AF9}.Ad-Hoc|iPhone.Build.0 = Ad-Hoc|iPhone
		{695F16F2-CC66-4F5B-A61B-7EE59E074AF9}.Ad-Hoc|iPhone.Deploy.0 = Ad-Hoc|iPhone
		{695F16F2-CC66-4F5B-A61B-7EE59E074AF9}.Ad-Hoc|iPhoneSimulator.ActiveCfg = Ad-Hoc|iPhoneSimulator
		{695F16F2-CC66-4F5B-A61B-7EE59E074AF9}.Ad-Hoc|iPhoneSimulator.Build.0 = Ad-Hoc|iPhoneSimulator
		{695F16F2-CC66-4F5B-A61B-7EE59E074AF9}.Ad-Hoc|iPhoneSimulator.Deploy.0 = Ad-Hoc|iPhoneSimulator
		{695F16F2-CC66-4F5B-A61B-7EE59E074AF9}.AppStore|Any CPU.ActiveCfg = AppStore|iPhone
		{695F16F2-CC66-4F5B-A61B-7EE59E074AF9}.AppStore|Any CPU.Build.0 = AppStore|iPhone
		{695F16F2-CC66-4F5B-A61B-7EE59E074AF9}.AppStore|Any CPU.Deploy.0 = AppStore|iPhone
		{695F16F2-CC66-4F5B-A61B-7EE59E074AF9}.AppStore|iPhone.ActiveCfg = AppStore|iPhone
		{695F16F2-CC66-4F5B-A61B-7EE59E074AF9}.AppStore|iPhone.Build.0 = AppStore|iPhone
		{695F16F2-CC66-4F5B-A61B-7EE59E074AF9}.AppStore|iPhone.Deploy.0 = AppStore|iPhone
		{695F16F2-CC66-4F5B-A61B-7EE59E074AF9}.AppStore|iPhoneSimulator.ActiveCfg = AppStore|iPhoneSimulator
		{695F16F2-CC66-4F5B-A61B-7EE59E074AF9}.AppStore|iPhoneSimulator.Build.0 = AppStore|iPhoneSimulator
		{695F16F2-CC66-4F5B-A61B-7EE59E074AF9}.AppStore|iPhoneSimulator.Deploy.0 = AppStore|iPhoneSimulator
		{695F16F2-CC66-4F5B-A61B-7EE59E074AF9}.Debug|Any CPU.ActiveCfg = Debug|iPhoneSimulator
		{695F16F2-CC66-4F5B-A61B-7EE59E074AF9}.Debug|Any CPU.Build.0 = Debug|iPhoneSimulator
		{695F16F2-CC66-4F5B-A61B-7EE59E074AF9}.Debug|Any CPU.Deploy.0 = Debug|iPhoneSimulator
		{695F16F2-CC66-4F5B-A61B-7EE59E074AF9}.Debug|iPhone.ActiveCfg = Debug|iPhone
		{695F16F2-CC66-4F5B-A61B-7EE59E074AF9}.Debug|iPhone.Build.0 = Debug|iPhone
		{695F16F2-CC66-4F5B-A61B-7EE59E074AF9}.Debug|iPhone.Deploy.0 = Debug|iPhone
		{695F16F2-CC66-4F5B-A61B-7EE59E074AF9}.Debug|iPhoneSimulator.ActiveCfg = Debug|iPhoneSimulator
		{695F16F2-CC66-4F5B-A61B-7EE59E074AF9}.Debug|iPhoneSimulator.Build.0 = Debug|iPhoneSimulator
		{695F16F2-CC66-4F5B-A61B-7EE59E074AF9}.Debug|iPhoneSimulator.Deploy.0 = Debug|iPhoneSimulator
		{695F16F2-CC66-4F5B-A61B-7EE59E074AF9}.Release|Any CPU.ActiveCfg = Release|iPhone
		{695F16F2-CC66-4F5B-A61B-7EE59E074AF9}.Release|Any CPU.Build.0 = Release|iPhone
		{695F16F2-CC66-4F5B-A61B-7EE59E074AF9}.Release|Any CPU.Deploy.0 = Release|iPhone
		{695F16F2-CC66-4F5B-A61B-7EE59E074AF9}.Release|iPhone.ActiveCfg = Release|iPhone
		{695F16F2-CC66-4F5B-A61B-7EE59E074AF9}.Release|iPhone.Build.0 = Release|iPhone
		{695F16F2-CC66-4F5B-A61B-7EE59E074AF9}.Release|iPhone.Deploy.0 = Release|iPhone
		{695F16F2-CC66-4F5B-A61B-7EE59E074AF9}.Release|iPhoneSimulator.ActiveCfg = Release|iPhoneSimulator
		{695F16F2-CC66-4F5B-A61B-7EE59E074AF9}.Release|iPhoneSimulator.Build.0 = Release|iPhoneSimulator
		{695F16F2-CC66-4F5B-A61B-7EE59E074AF9}.Release|iPhoneSimulator.Deploy.0 = Release|iPhoneSimulator
		{45260739-7ACF-4795-AF86-2F8D5ED5C09B}.Ad-Hoc|Any CPU.ActiveCfg = Debug|Any CPU
		{45260739-7ACF-4795-AF86-2F8D5ED5C09B}.Ad-Hoc|Any CPU.Build.0 = Debug|Any CPU
		{45260739-7ACF-4795-AF86-2F8D5ED5C09B}.Ad-Hoc|Any CPU.Deploy.0 = Debug|Any CPU
		{45260739-7ACF-4795-AF86-2F8D5ED5C09B}.Ad-Hoc|iPhone.ActiveCfg = Debug|Any CPU
		{45260739-7ACF-4795-AF86-2F8D5ED5C09B}.Ad-Hoc|iPhone.Build.0 = Debug|Any CPU
		{45260739-7ACF-4795-AF86-2F8D5ED5C09B}.Ad-Hoc|iPhone.Deploy.0 = Debug|Any CPU
		{45260739-7ACF-4795-AF86-2F8D5ED5C09B}.Ad-Hoc|iPhoneSimulator.ActiveCfg = Debug|Any CPU
		{45260739-7ACF-4795-AF86-2F8D5ED5C09B}.Ad-Hoc|iPhoneSimulator.Build.0 = Debug|Any CPU
		{45260739-7ACF-4795-AF86-2F8D5ED5C09B}.Ad-Hoc|iPhoneSimulator.Deploy.0 = Debug|Any CPU
		{45260739-7ACF-4795-AF86-2F8D5ED5C09B}.AppStore|Any CPU.ActiveCfg = Debug|Any CPU
		{45260739-7ACF-4795-AF86-2F8D5ED5C09B}.AppStore|Any CPU.Build.0 = Debug|Any CPU
		{45260739-7ACF-4795-AF86-2F8D5ED5C09B}.AppStore|Any CPU.Deploy.0 = Debug|Any CPU
		{45260739-7ACF-4795-AF86-2F8D5ED5C09B}.AppStore|iPhone.ActiveCfg = Debug|Any CPU
		{45260739-7ACF-4795-AF86-2F8D5ED5C09B}.AppStore|iPhone.Build.0 = Debug|Any CPU
		{45260739-7ACF-4795-AF86-2F8D5ED5C09B}.AppStore|iPhone.Deploy.0 = Debug|Any CPU
		{45260739-7ACF-4795-AF86-2F8D5ED5C09B}.AppStore|iPhoneSimulator.ActiveCfg = Debug|Any CPU
		{45260739-7ACF-4795-AF86-2F8D5ED5C09B}.AppStore|iPhoneSimulator.Build.0 = Debug|Any CPU
		{45260739-7ACF-4795-AF86-2F8D5ED5C09B}.AppStore|iPhoneSimulator.Deploy.0 = Debug|Any CPU
		{45260739-7ACF-4795-AF86-2F8D5ED5C09B}.Debug|Any CPU.ActiveCfg = Debug|Any CPU
		{45260739-7ACF-4795-AF86-2F8D5ED5C09B}.Debug|Any CPU.Build.0 = Debug|Any CPU
		{45260739-7ACF-4795-AF86-2F8D5ED5C09B}.Debug|Any CPU.Deploy.0 = Debug|Any CPU
		{45260739-7ACF-4795-AF86-2F8D5ED5C09B}.Debug|iPhone.ActiveCfg = Debug|Any CPU
		{45260739-7ACF-4795-AF86-2F8D5ED5C09B}.Debug|iPhone.Build.0 = Debug|Any CPU
		{45260739-7ACF-4795-AF86-2F8D5ED5C09B}.Debug|iPhone.Deploy.0 = Debug|Any CPU
		{45260739-7ACF-4795-AF86-2F8D5ED5C09B}.Debug|iPhoneSimulator.ActiveCfg = Debug|Any CPU
		{45260739-7ACF-4795-AF86-2F8D5ED5C09B}.Debug|iPhoneSimulator.Build.0 = Debug|Any CPU
		{45260739-7ACF-4795-AF86-2F8D5ED5C09B}.Debug|iPhoneSimulator.Deploy.0 = Debug|Any CPU
		{45260739-7ACF-4795-AF86-2F8D5ED5C09B}.Release|Any CPU.ActiveCfg = Release|Any CPU
		{45260739-7ACF-4795-AF86-2F8D5ED5C09B}.Release|Any CPU.Build.0 = Release|Any CPU
		{45260739-7ACF-4795-AF86-2F8D5ED5C09B}.Release|Any CPU.Deploy.0 = Release|Any CPU
		{45260739-7ACF-4795-AF86-2F8D5ED5C09B}.Release|iPhone.ActiveCfg = Release|Any CPU
		{45260739-7ACF-4795-AF86-2F8D5ED5C09B}.Release|iPhone.Build.0 = Release|Any CPU
		{45260739-7ACF-4795-AF86-2F8D5ED5C09B}.Release|iPhone.Deploy.0 = Release|Any CPU
		{45260739-7ACF-4795-AF86-2F8D5ED5C09B}.Release|iPhoneSimulator.ActiveCfg = Release|Any CPU
		{45260739-7ACF-4795-AF86-2F8D5ED5C09B}.Release|iPhoneSimulator.Build.0 = Release|Any CPU
		{45260739-7ACF-4795-AF86-2F8D5ED5C09B}.Release|iPhoneSimulator.Deploy.0 = Release|Any CPU
	EndGlobalSection
	GlobalSection(SolutionProperties) = preSolution
		HideSolutionNode = FALSE
	EndGlobalSection
	GlobalSection(ExtensibilityGlobals) = postSolution
		SolutionGuid = {19A5FEEC-8E1F-40CB-BF2D-9C4F31551343}
	EndGlobalSection
EndGlobal
